// !$*UTF8*$!
{
	archiveVersion = 1;
	classes = {
	};
	objectVersion = 77;
	objects = {

/* Begin PBXBuildFile section */
		0948C37B2CA1F6BA00BB0921 /* SafariExtension.appex in Embed Foundation Extensions */ = {isa = PBXBuildFile; fileRef = 0948C3722CA1F6B900BB0921 /* SafariExtension.appex */; settings = {ATTRIBUTES = (RemoveHeadersOnCopy, ); }; };
		0948C39A2CA21EAC00BB0921 /* Factory in Frameworks */ = {isa = PBXBuildFile; productRef = 0948C3992CA21EAC00BB0921 /* Factory */; };
		0948C3A92CA3164500BB0921 /* Dependencies in Frameworks */ = {isa = PBXBuildFile; productRef = 0948C3A82CA3164500BB0921 /* Dependencies */; };
		0948C3AB2CA3164500BB0921 /* DependenciesMacros in Frameworks */ = {isa = PBXBuildFile; productRef = 0948C3AA2CA3164500BB0921 /* DependenciesMacros */; };
		0948C3B92CA3543C00BB0921 /* GoogleService-Info.plist in Resources */ = {isa = PBXBuildFile; fileRef = 0948C3B82CA3543C00BB0921 /* GoogleService-Info.plist */; };
		0948C3BA2CA3543C00BB0921 /* GoogleService-Info.plist in Resources */ = {isa = PBXBuildFile; fileRef = 0948C3B82CA3543C00BB0921 /* GoogleService-Info.plist */; };
		0948C3BB2CA3543C00BB0921 /* GoogleService-Info.plist in Resources */ = {isa = PBXBuildFile; fileRef = 0948C3B82CA3543C00BB0921 /* GoogleService-Info.plist */; };
		0948C3BC2CA3543C00BB0921 /* GoogleService-Info.plist in Resources */ = {isa = PBXBuildFile; fileRef = 0948C3B82CA3543C00BB0921 /* GoogleService-Info.plist */; };
		0948C3BF2CA354B300BB0921 /* FirebaseAnalyticsWithoutAdIdSupport in Frameworks */ = {isa = PBXBuildFile; productRef = 0948C3BE2CA354B300BB0921 /* FirebaseAnalyticsWithoutAdIdSupport */; };
		0948C3C12CA354B300BB0921 /* FirebaseAppCheck in Frameworks */ = {isa = PBXBuildFile; productRef = 0948C3C02CA354B300BB0921 /* FirebaseAppCheck */; };
		09A754B52CA89BEB005DE5B9 /* ClementAdblockIOS.xcframework in Frameworks */ = {isa = PBXBuildFile; fileRef = 09A754B42CA89BE3005DE5B9 /* ClementAdblockIOS.xcframework */; };
		09A754B62CA89BEB005DE5B9 /* ClementAdblockIOS.xcframework in Embed Frameworks */ = {isa = PBXBuildFile; fileRef = 09A754B42CA89BE3005DE5B9 /* ClementAdblockIOS.xcframework */; settings = {ATTRIBUTES = (CodeSignOnCopy, RemoveHeadersOnCopy, ); }; };
/* End PBXBuildFile section */

/* Begin PBXContainerItemProxy section */
		0948C3792CA1F6BA00BB0921 /* PBXContainerItemProxy */ = {
			isa = PBXContainerItemProxy;
			containerPortal = 099FF8A32CA1B61F009BAFA4 /* Project object */;
			proxyType = 1;
			remoteGlobalIDString = 0948C3712CA1F6B900BB0921;
			remoteInfo = SafariExtension;
		};
		099FF8BE2CA1B621009BAFA4 /* PBXContainerItemProxy */ = {
			isa = PBXContainerItemProxy;
			containerPortal = 099FF8A32CA1B61F009BAFA4 /* Project object */;
			proxyType = 1;
			remoteGlobalIDString = 099FF8AA2CA1B61F009BAFA4;
			remoteInfo = Clement;
		};
		099FF8C82CA1B621009BAFA4 /* PBXContainerItemProxy */ = {
			isa = PBXContainerItemProxy;
			containerPortal = 099FF8A32CA1B61F009BAFA4 /* Project object */;
			proxyType = 1;
			remoteGlobalIDString = 099FF8AA2CA1B61F009BAFA4;
			remoteInfo = Clement;
		};
/* End PBXContainerItemProxy section */

/* Begin PBXCopyFilesBuildPhase section */
		0948C36D2CA1F61F00BB0921 /* Embed Foundation Extensions */ = {
			isa = PBXCopyFilesBuildPhase;
			buildActionMask = 2147483647;
			dstPath = "";
			dstSubfolderSpec = 13;
			files = (
				0948C37B2CA1F6BA00BB0921 /* SafariExtension.appex in Embed Foundation Extensions */,
			);
			name = "Embed Foundation Extensions";
			runOnlyForDeploymentPostprocessing = 0;
		};
		09A754B72CA89BEB005DE5B9 /* Embed Frameworks */ = {
			isa = PBXCopyFilesBuildPhase;
			buildActionMask = 2147483647;
			dstPath = "";
			dstSubfolderSpec = 10;
			files = (
				09A754B62CA89BEB005DE5B9 /* ClementAdblockIOS.xcframework in Embed Frameworks */,
			);
			name = "Embed Frameworks";
			runOnlyForDeploymentPostprocessing = 0;
		};
/* End PBXCopyFilesBuildPhase section */

/* Begin PBXFileReference section */
		0948C3722CA1F6B900BB0921 /* SafariExtension.appex */ = {isa = PBXFileReference; explicitFileType = "wrapper.app-extension"; includeInIndex = 0; path = SafariExtension.appex; sourceTree = BUILT_PRODUCTS_DIR; };
		0948C3B82CA3543C00BB0921 /* GoogleService-Info.plist */ = {isa = PBXFileReference; lastKnownFileType = text.plist.xml; path = "GoogleService-Info.plist"; sourceTree = "<group>"; };
		099FF8AB2CA1B61F009BAFA4 /* Clement.app */ = {isa = PBXFileReference; explicitFileType = wrapper.application; includeInIndex = 0; path = Clement.app; sourceTree = BUILT_PRODUCTS_DIR; };
		099FF8BD2CA1B621009BAFA4 /* ClementTests.xctest */ = {isa = PBXFileReference; explicitFileType = wrapper.cfbundle; includeInIndex = 0; path = ClementTests.xctest; sourceTree = BUILT_PRODUCTS_DIR; };
		099FF8C72CA1B621009BAFA4 /* ClementUITests.xctest */ = {isa = PBXFileReference; explicitFileType = wrapper.cfbundle; includeInIndex = 0; path = ClementUITests.xctest; sourceTree = BUILT_PRODUCTS_DIR; };
		09A754B42CA89BE3005DE5B9 /* ClementAdblockIOS.xcframework */ = {isa = PBXFileReference; lastKnownFileType = wrapper.xcframework; path = ClementAdblockIOS.xcframework; sourceTree = "<group>"; };
/* End PBXFileReference section */

/* Begin PBXFileSystemSynchronizedBuildFileExceptionSet section */
		0948C37C2CA1F6BA00BB0921 /* Exceptions for "SafariExtension" folder in "SafariExtension" target */ = {
			isa = PBXFileSystemSynchronizedBuildFileExceptionSet;
			membershipExceptions = (
				Info.plist,
			);
			target = 0948C3712CA1F6B900BB0921 /* SafariExtension */;
		};
/* End PBXFileSystemSynchronizedBuildFileExceptionSet section */

/* Begin PBXFileSystemSynchronizedRootGroup section */
		0948C3732CA1F6BA00BB0921 /* SafariExtension */ = {
			isa = PBXFileSystemSynchronizedRootGroup;
			exceptions = (
				0948C37C2CA1F6BA00BB0921 /* Exceptions for "SafariExtension" folder in "SafariExtension" target */,
			);
			path = SafariExtension;
			sourceTree = "<group>";
		};
		099FF8AD2CA1B61F009BAFA4 /* Clement */ = {
			isa = PBXFileSystemSynchronizedRootGroup;
			path = Clement;
			sourceTree = "<group>";
		};
		099FF8C02CA1B621009BAFA4 /* ClementTests */ = {
			isa = PBXFileSystemSynchronizedRootGroup;
			path = ClementTests;
			sourceTree = "<group>";
		};
		099FF8CA2CA1B621009BAFA4 /* ClementUITests */ = {
			isa = PBXFileSystemSynchronizedRootGroup;
			path = ClementUITests;
			sourceTree = "<group>";
		};
/* End PBXFileSystemSynchronizedRootGroup section */

/* Begin PBXFrameworksBuildPhase section */
		0948C36F2CA1F6B900BB0921 /* Frameworks */ = {
			isa = PBXFrameworksBuildPhase;
			buildActionMask = 2147483647;
			files = (
			);
			runOnlyForDeploymentPostprocessing = 0;
		};
		099FF8A82CA1B61F009BAFA4 /* Frameworks */ = {
			isa = PBXFrameworksBuildPhase;
			buildActionMask = 2147483647;
			files = (
				0948C39A2CA21EAC00BB0921 /* Factory in Frameworks */,
				0948C3A92CA3164500BB0921 /* Dependencies in Frameworks */,
				0948C3AB2CA3164500BB0921 /* DependenciesMacros in Frameworks */,
				09A754B52CA89BEB005DE5B9 /* ClementAdblockIOS.xcframework in Frameworks */,
				0948C3C12CA354B300BB0921 /* FirebaseAppCheck in Frameworks */,
				0948C3BF2CA354B300BB0921 /* FirebaseAnalyticsWithoutAdIdSupport in Frameworks */,
			);
			runOnlyForDeploymentPostprocessing = 0;
		};
		099FF8BA2CA1B621009BAFA4 /* Frameworks */ = {
			isa = PBXFrameworksBuildPhase;
			buildActionMask = 2147483647;
			files = (
			);
			runOnlyForDeploymentPostprocessing = 0;
		};
		099FF8C42CA1B621009BAFA4 /* Frameworks */ = {
			isa = PBXFrameworksBuildPhase;
			buildActionMask = 2147483647;
			files = (
			);
			runOnlyForDeploymentPostprocessing = 0;
		};
/* End PBXFrameworksBuildPhase section */

/* Begin PBXGroup section */
		099FF8A22CA1B61F009BAFA4 = {
			isa = PBXGroup;
			children = (
				099FF8AD2CA1B61F009BAFA4 /* Clement */,
				099FF8C02CA1B621009BAFA4 /* ClementTests */,
				099FF8CA2CA1B621009BAFA4 /* ClementUITests */,
				0948C3732CA1F6BA00BB0921 /* SafariExtension */,
				099FF8AC2CA1B61F009BAFA4 /* Products */,
				0948C3B82CA3543C00BB0921 /* GoogleService-Info.plist */,
				09A754A12CA88982005DE5B9 /* Frameworks */,
			);
			sourceTree = "<group>";
		};
		099FF8AC2CA1B61F009BAFA4 /* Products */ = {
			isa = PBXGroup;
			children = (
				099FF8AB2CA1B61F009BAFA4 /* Clement.app */,
				099FF8BD2CA1B621009BAFA4 /* ClementTests.xctest */,
				099FF8C72CA1B621009BAFA4 /* ClementUITests.xctest */,
				0948C3722CA1F6B900BB0921 /* SafariExtension.appex */,
			);
			name = Products;
			sourceTree = "<group>";
		};
		09A754A12CA88982005DE5B9 /* Frameworks */ = {
			isa = PBXGroup;
			children = (
				09A754B42CA89BE3005DE5B9 /* ClementAdblockIOS.xcframework */,
			);
			name = Frameworks;
			sourceTree = "<group>";
		};
/* End PBXGroup section */

/* Begin PBXNativeTarget section */
		0948C3712CA1F6B900BB0921 /* SafariExtension */ = {
			isa = PBXNativeTarget;
			buildConfigurationList = 0948C37D2CA1F6BA00BB0921 /* Build configuration list for PBXNativeTarget "SafariExtension" */;
			buildPhases = (
				0948C36E2CA1F6B900BB0921 /* Sources */,
				0948C36F2CA1F6B900BB0921 /* Frameworks */,
				0948C3702CA1F6B900BB0921 /* Resources */,
			);
			buildRules = (
			);
			dependencies = (
			);
			fileSystemSynchronizedGroups = (
				0948C3732CA1F6BA00BB0921 /* SafariExtension */,
			);
			name = SafariExtension;
			packageProductDependencies = (
			);
			productName = SafariExtension;
			productReference = 0948C3722CA1F6B900BB0921 /* SafariExtension.appex */;
			productType = "com.apple.product-type.app-extension";
		};
		099FF8AA2CA1B61F009BAFA4 /* Clement */ = {
			isa = PBXNativeTarget;
			buildConfigurationList = 099FF8D12CA1B621009BAFA4 /* Build configuration list for PBXNativeTarget "Clement" */;
			buildPhases = (
				099FF8A72CA1B61F009BAFA4 /* Sources */,
				099FF8A82CA1B61F009BAFA4 /* Frameworks */,
				099FF8A92CA1B61F009BAFA4 /* Resources */,
				0948C36D2CA1F61F00BB0921 /* Embed Foundation Extensions */,
				09A754B72CA89BEB005DE5B9 /* Embed Frameworks */,
			);
			buildRules = (
			);
			dependencies = (
				0948C37A2CA1F6BA00BB0921 /* PBXTargetDependency */,
			);
			fileSystemSynchronizedGroups = (
				099FF8AD2CA1B61F009BAFA4 /* Clement */,
			);
			name = Clement;
			packageProductDependencies = (
				0948C3992CA21EAC00BB0921 /* Factory */,
				0948C3A82CA3164500BB0921 /* Dependencies */,
				0948C3AA2CA3164500BB0921 /* DependenciesMacros */,
				0948C3BE2CA354B300BB0921 /* FirebaseAnalyticsWithoutAdIdSupport */,
				0948C3C02CA354B300BB0921 /* FirebaseAppCheck */,
			);
			productName = Clement;
			productReference = 099FF8AB2CA1B61F009BAFA4 /* Clement.app */;
			productType = "com.apple.product-type.application";
		};
		099FF8BC2CA1B621009BAFA4 /* ClementTests */ = {
			isa = PBXNativeTarget;
			buildConfigurationList = 099FF8D42CA1B621009BAFA4 /* Build configuration list for PBXNativeTarget "ClementTests" */;
			buildPhases = (
				099FF8B92CA1B621009BAFA4 /* Sources */,
				099FF8BA2CA1B621009BAFA4 /* Frameworks */,
				099FF8BB2CA1B621009BAFA4 /* Resources */,
			);
			buildRules = (
			);
			dependencies = (
				099FF8BF2CA1B621009BAFA4 /* PBXTargetDependency */,
			);
			fileSystemSynchronizedGroups = (
				099FF8C02CA1B621009BAFA4 /* ClementTests */,
			);
			name = ClementTests;
			packageProductDependencies = (
			);
			productName = ClementTests;
			productReference = 099FF8BD2CA1B621009BAFA4 /* ClementTests.xctest */;
			productType = "com.apple.product-type.bundle.unit-test";
		};
		099FF8C62CA1B621009BAFA4 /* ClementUITests */ = {
			isa = PBXNativeTarget;
			buildConfigurationList = 099FF8D72CA1B621009BAFA4 /* Build configuration list for PBXNativeTarget "ClementUITests" */;
			buildPhases = (
				099FF8C32CA1B621009BAFA4 /* Sources */,
				099FF8C42CA1B621009BAFA4 /* Frameworks */,
				099FF8C52CA1B621009BAFA4 /* Resources */,
			);
			buildRules = (
			);
			dependencies = (
				099FF8C92CA1B621009BAFA4 /* PBXTargetDependency */,
			);
			fileSystemSynchronizedGroups = (
				099FF8CA2CA1B621009BAFA4 /* ClementUITests */,
			);
			name = ClementUITests;
			packageProductDependencies = (
			);
			productName = ClementUITests;
			productReference = 099FF8C72CA1B621009BAFA4 /* ClementUITests.xctest */;
			productType = "com.apple.product-type.bundle.ui-testing";
		};
/* End PBXNativeTarget section */

/* Begin PBXProject section */
		099FF8A32CA1B61F009BAFA4 /* Project object */ = {
			isa = PBXProject;
			attributes = {
				BuildIndependentTargetsInParallel = 1;
				LastSwiftUpdateCheck = 1600;
				LastUpgradeCheck = 1600;
				TargetAttributes = {
					0948C3712CA1F6B900BB0921 = {
						CreatedOnToolsVersion = 16.0;
					};
					099FF8AA2CA1B61F009BAFA4 = {
						CreatedOnToolsVersion = 16.0;
					};
					099FF8BC2CA1B621009BAFA4 = {
						CreatedOnToolsVersion = 16.0;
						TestTargetID = 099FF8AA2CA1B61F009BAFA4;
					};
					099FF8C62CA1B621009BAFA4 = {
						CreatedOnToolsVersion = 16.0;
						TestTargetID = 099FF8AA2CA1B61F009BAFA4;
					};
				};
			};
			buildConfigurationList = 099FF8A62CA1B61F009BAFA4 /* Build configuration list for PBXProject "Clement" */;
			developmentRegion = en;
			hasScannedForEncodings = 0;
			knownRegions = (
				en,
				Base,
			);
			mainGroup = 099FF8A22CA1B61F009BAFA4;
			minimizedProjectReferenceProxies = 1;
			packageReferences = (
				0948C3982CA21EAC00BB0921 /* XCRemoteSwiftPackageReference "Factory" */,
				0948C3A72CA3164500BB0921 /* XCRemoteSwiftPackageReference "swift-dependencies" */,
				0948C3BD2CA354B300BB0921 /* XCRemoteSwiftPackageReference "firebase-ios-sdk" */,
			);
			preferredProjectObjectVersion = 77;
			productRefGroup = 099FF8AC2CA1B61F009BAFA4 /* Products */;
			projectDirPath = "";
			projectRoot = "";
			targets = (
				099FF8AA2CA1B61F009BAFA4 /* Clement */,
				099FF8BC2CA1B621009BAFA4 /* ClementTests */,
				099FF8C62CA1B621009BAFA4 /* ClementUITests */,
				0948C3712CA1F6B900BB0921 /* SafariExtension */,
			);
		};
/* End PBXProject section */

/* Begin PBXResourcesBuildPhase section */
		0948C3702CA1F6B900BB0921 /* Resources */ = {
			isa = PBXResourcesBuildPhase;
			buildActionMask = 2147483647;
			files = (
				0948C3BB2CA3543C00BB0921 /* GoogleService-Info.plist in Resources */,
			);
			runOnlyForDeploymentPostprocessing = 0;
		};
		099FF8A92CA1B61F009BAFA4 /* Resources */ = {
			isa = PBXResourcesBuildPhase;
			buildActionMask = 2147483647;
			files = (
				0948C3B92CA3543C00BB0921 /* GoogleService-Info.plist in Resources */,
			);
			runOnlyForDeploymentPostprocessing = 0;
		};
		099FF8BB2CA1B621009BAFA4 /* Resources */ = {
			isa = PBXResourcesBuildPhase;
			buildActionMask = 2147483647;
			files = (
				0948C3BA2CA3543C00BB0921 /* GoogleService-Info.plist in Resources */,
			);
			runOnlyForDeploymentPostprocessing = 0;
		};
		099FF8C52CA1B621009BAFA4 /* Resources */ = {
			isa = PBXResourcesBuildPhase;
			buildActionMask = 2147483647;
			files = (
				0948C3BC2CA3543C00BB0921 /* GoogleService-Info.plist in Resources */,
			);
			runOnlyForDeploymentPostprocessing = 0;
		};
/* End PBXResourcesBuildPhase section */

/* Begin PBXSourcesBuildPhase section */
		0948C36E2CA1F6B900BB0921 /* Sources */ = {
			isa = PBXSourcesBuildPhase;
			buildActionMask = 2147483647;
			files = (
			);
			runOnlyForDeploymentPostprocessing = 0;
		};
		099FF8A72CA1B61F009BAFA4 /* Sources */ = {
			isa = PBXSourcesBuildPhase;
			buildActionMask = 2147483647;
			files = (
			);
			runOnlyForDeploymentPostprocessing = 0;
		};
		099FF8B92CA1B621009BAFA4 /* Sources */ = {
			isa = PBXSourcesBuildPhase;
			buildActionMask = 2147483647;
			files = (
			);
			runOnlyForDeploymentPostprocessing = 0;
		};
		099FF8C32CA1B621009BAFA4 /* Sources */ = {
			isa = PBXSourcesBuildPhase;
			buildActionMask = 2147483647;
			files = (
			);
			runOnlyForDeploymentPostprocessing = 0;
		};
/* End PBXSourcesBuildPhase section */

/* Begin PBXTargetDependency section */
		0948C37A2CA1F6BA00BB0921 /* PBXTargetDependency */ = {
			isa = PBXTargetDependency;
			target = 0948C3712CA1F6B900BB0921 /* SafariExtension */;
			targetProxy = 0948C3792CA1F6BA00BB0921 /* PBXContainerItemProxy */;
		};
		099FF8BF2CA1B621009BAFA4 /* PBXTargetDependency */ = {
			isa = PBXTargetDependency;
			target = 099FF8AA2CA1B61F009BAFA4 /* Clement */;
			targetProxy = 099FF8BE2CA1B621009BAFA4 /* PBXContainerItemProxy */;
		};
		099FF8C92CA1B621009BAFA4 /* PBXTargetDependency */ = {
			isa = PBXTargetDependency;
			target = 099FF8AA2CA1B61F009BAFA4 /* Clement */;
			targetProxy = 099FF8C82CA1B621009BAFA4 /* PBXContainerItemProxy */;
		};
/* End PBXTargetDependency section */

/* Begin XCBuildConfiguration section */
		0948C37E2CA1F6BA00BB0921 /* Debug */ = {
			isa = XCBuildConfiguration;
			buildSettings = {
				ARCHS = "$(ARCHS_STANDARD_64_BIT)";
				CODE_SIGN_STYLE = Automatic;
				CURRENT_PROJECT_VERSION = 1;
				DEVELOPMENT_TEAM = CY3VNN37JN;
				GENERATE_INFOPLIST_FILE = YES;
				INFOPLIST_FILE = SafariExtension/Info.plist;
				INFOPLIST_KEY_CFBundleDisplayName = SafariExtension;
				INFOPLIST_KEY_NSHumanReadableCopyright = "";
				LD_RUNPATH_SEARCH_PATHS = (
					"$(inherited)",
					"@executable_path/Frameworks",
					"@executable_path/../../Frameworks",
				);
				MARKETING_VERSION = 1.0;
				PRODUCT_BUNDLE_IDENTIFIER = uk.co.catchpoledigital.Clement.SafariExtension;
				PRODUCT_NAME = "$(TARGET_NAME)";
				SKIP_INSTALL = YES;
				SWIFT_EMIT_LOC_STRINGS = YES;
				SWIFT_VERSION = 5.0;
				TARGETED_DEVICE_FAMILY = "1,2";
			};
			name = Debug;
		};
		0948C37F2CA1F6BA00BB0921 /* Release */ = {
			isa = XCBuildConfiguration;
			buildSettings = {
				ARCHS = "$(ARCHS_STANDARD_64_BIT)";
				CODE_SIGN_STYLE = Automatic;
				CURRENT_PROJECT_VERSION = 1;
				DEVELOPMENT_TEAM = CY3VNN37JN;
				GENERATE_INFOPLIST_FILE = YES;
				INFOPLIST_FILE = SafariExtension/Info.plist;
				INFOPLIST_KEY_CFBundleDisplayName = SafariExtension;
				INFOPLIST_KEY_NSHumanReadableCopyright = "";
				LD_RUNPATH_SEARCH_PATHS = (
					"$(inherited)",
					"@executable_path/Frameworks",
					"@executable_path/../../Frameworks",
				);
				MARKETING_VERSION = 1.0;
				PRODUCT_BUNDLE_IDENTIFIER = uk.co.catchpoledigital.Clement.SafariExtension;
				PRODUCT_NAME = "$(TARGET_NAME)";
				SKIP_INSTALL = YES;
				SWIFT_EMIT_LOC_STRINGS = YES;
				SWIFT_VERSION = 5.0;
				TARGETED_DEVICE_FAMILY = "1,2";
			};
			name = Release;
		};
		099FF8CF2CA1B621009BAFA4 /* Debug */ = {
			isa = XCBuildConfiguration;
			buildSettings = {
				ALWAYS_SEARCH_USER_PATHS = NO;
				ASSETCATALOG_COMPILER_GENERATE_SWIFT_ASSET_SYMBOL_EXTENSIONS = YES;
				CLANG_ANALYZER_NONNULL = YES;
				CLANG_ANALYZER_NUMBER_OBJECT_CONVERSION = YES_AGGRESSIVE;
				CLANG_CXX_LANGUAGE_STANDARD = "gnu++20";
				CLANG_ENABLE_MODULES = YES;
				CLANG_ENABLE_OBJC_ARC = YES;
				CLANG_ENABLE_OBJC_WEAK = YES;
				CLANG_WARN_BLOCK_CAPTURE_AUTORELEASING = YES;
				CLANG_WARN_BOOL_CONVERSION = YES;
				CLANG_WARN_COMMA = YES;
				CLANG_WARN_CONSTANT_CONVERSION = YES;
				CLANG_WARN_DEPRECATED_OBJC_IMPLEMENTATIONS = YES;
				CLANG_WARN_DIRECT_OBJC_ISA_USAGE = YES_ERROR;
				CLANG_WARN_DOCUMENTATION_COMMENTS = YES;
				CLANG_WARN_EMPTY_BODY = YES;
				CLANG_WARN_ENUM_CONVERSION = YES;
				CLANG_WARN_INFINITE_RECURSION = YES;
				CLANG_WARN_INT_CONVERSION = YES;
				CLANG_WARN_NON_LITERAL_NULL_CONVERSION = YES;
				CLANG_WARN_OBJC_IMPLICIT_RETAIN_SELF = YES;
				CLANG_WARN_OBJC_LITERAL_CONVERSION = YES;
				CLANG_WARN_OBJC_ROOT_CLASS = YES_ERROR;
				CLANG_WARN_QUOTED_INCLUDE_IN_FRAMEWORK_HEADER = YES;
				CLANG_WARN_RANGE_LOOP_ANALYSIS = YES;
				CLANG_WARN_STRICT_PROTOTYPES = YES;
				CLANG_WARN_SUSPICIOUS_MOVE = YES;
				CLANG_WARN_UNGUARDED_AVAILABILITY = YES_AGGRESSIVE;
				CLANG_WARN_UNREACHABLE_CODE = YES;
				CLANG_WARN__DUPLICATE_METHOD_MATCH = YES;
				COPY_PHASE_STRIP = NO;
				DEBUG_INFORMATION_FORMAT = dwarf;
				ENABLE_STRICT_OBJC_MSGSEND = YES;
				ENABLE_TESTABILITY = YES;
				ENABLE_USER_SCRIPT_SANDBOXING = YES;
				GCC_C_LANGUAGE_STANDARD = gnu17;
				GCC_DYNAMIC_NO_PIC = NO;
				GCC_NO_COMMON_BLOCKS = YES;
				GCC_OPTIMIZATION_LEVEL = 0;
				GCC_PREPROCESSOR_DEFINITIONS = (
					"DEBUG=1",
					"$(inherited)",
				);
				GCC_WARN_64_TO_32_BIT_CONVERSION = YES;
				GCC_WARN_ABOUT_RETURN_TYPE = YES_ERROR;
				GCC_WARN_UNDECLARED_SELECTOR = YES;
				GCC_WARN_UNINITIALIZED_AUTOS = YES_AGGRESSIVE;
				GCC_WARN_UNUSED_FUNCTION = YES;
				GCC_WARN_UNUSED_VARIABLE = YES;
				IPHONEOS_DEPLOYMENT_TARGET = 18.0;
				LOCALIZATION_PREFERS_STRING_CATALOGS = YES;
				MTL_ENABLE_DEBUG_INFO = INCLUDE_SOURCE;
				MTL_FAST_MATH = YES;
				ONLY_ACTIVE_ARCH = YES;
				SDKROOT = iphoneos;
				SWIFT_ACTIVE_COMPILATION_CONDITIONS = "DEBUG $(inherited)";
				SWIFT_OPTIMIZATION_LEVEL = "-Onone";
			};
			name = Debug;
		};
		099FF8D02CA1B621009BAFA4 /* Release */ = {
			isa = XCBuildConfiguration;
			buildSettings = {
				ALWAYS_SEARCH_USER_PATHS = NO;
				ASSETCATALOG_COMPILER_GENERATE_SWIFT_ASSET_SYMBOL_EXTENSIONS = YES;
				CLANG_ANALYZER_NONNULL = YES;
				CLANG_ANALYZER_NUMBER_OBJECT_CONVERSION = YES_AGGRESSIVE;
				CLANG_CXX_LANGUAGE_STANDARD = "gnu++20";
				CLANG_ENABLE_MODULES = YES;
				CLANG_ENABLE_OBJC_ARC = YES;
				CLANG_ENABLE_OBJC_WEAK = YES;
				CLANG_WARN_BLOCK_CAPTURE_AUTORELEASING = YES;
				CLANG_WARN_BOOL_CONVERSION = YES;
				CLANG_WARN_COMMA = YES;
				CLANG_WARN_CONSTANT_CONVERSION = YES;
				CLANG_WARN_DEPRECATED_OBJC_IMPLEMENTATIONS = YES;
				CLANG_WARN_DIRECT_OBJC_ISA_USAGE = YES_ERROR;
				CLANG_WARN_DOCUMENTATION_COMMENTS = YES;
				CLANG_WARN_EMPTY_BODY = YES;
				CLANG_WARN_ENUM_CONVERSION = YES;
				CLANG_WARN_INFINITE_RECURSION = YES;
				CLANG_WARN_INT_CONVERSION = YES;
				CLANG_WARN_NON_LITERAL_NULL_CONVERSION = YES;
				CLANG_WARN_OBJC_IMPLICIT_RETAIN_SELF = YES;
				CLANG_WARN_OBJC_LITERAL_CONVERSION = YES;
				CLANG_WARN_OBJC_ROOT_CLASS = YES_ERROR;
				CLANG_WARN_QUOTED_INCLUDE_IN_FRAMEWORK_HEADER = YES;
				CLANG_WARN_RANGE_LOOP_ANALYSIS = YES;
				CLANG_WARN_STRICT_PROTOTYPES = YES;
				CLANG_WARN_SUSPICIOUS_MOVE = YES;
				CLANG_WARN_UNGUARDED_AVAILABILITY = YES_AGGRESSIVE;
				CLANG_WARN_UNREACHABLE_CODE = YES;
				CLANG_WARN__DUPLICATE_METHOD_MATCH = YES;
				COPY_PHASE_STRIP = NO;
				DEBUG_INFORMATION_FORMAT = "dwarf-with-dsym";
				ENABLE_NS_ASSERTIONS = NO;
				ENABLE_STRICT_OBJC_MSGSEND = YES;
				ENABLE_USER_SCRIPT_SANDBOXING = YES;
				GCC_C_LANGUAGE_STANDARD = gnu17;
				GCC_NO_COMMON_BLOCKS = YES;
				GCC_WARN_64_TO_32_BIT_CONVERSION = YES;
				GCC_WARN_ABOUT_RETURN_TYPE = YES_ERROR;
				GCC_WARN_UNDECLARED_SELECTOR = YES;
				GCC_WARN_UNINITIALIZED_AUTOS = YES_AGGRESSIVE;
				GCC_WARN_UNUSED_FUNCTION = YES;
				GCC_WARN_UNUSED_VARIABLE = YES;
				IPHONEOS_DEPLOYMENT_TARGET = 18.0;
				LOCALIZATION_PREFERS_STRING_CATALOGS = YES;
				MTL_ENABLE_DEBUG_INFO = NO;
				MTL_FAST_MATH = YES;
				SDKROOT = iphoneos;
				SWIFT_COMPILATION_MODE = wholemodule;
				VALIDATE_PRODUCT = YES;
			};
			name = Release;
		};
		099FF8D22CA1B621009BAFA4 /* Debug */ = {
			isa = XCBuildConfiguration;
			buildSettings = {
				ASSETCATALOG_COMPILER_APPICON_NAME = AppIcon;
				ASSETCATALOG_COMPILER_GLOBAL_ACCENT_COLOR_NAME = AccentColor;
				CODE_SIGN_STYLE = Automatic;
				CURRENT_PROJECT_VERSION = 1;
				DEVELOPMENT_ASSET_PATHS = "\"Clement/Preview Content\"";
				DEVELOPMENT_TEAM = CY3VNN37JN;
				ENABLE_PREVIEWS = YES;
				GENERATE_INFOPLIST_FILE = YES;
				INFOPLIST_KEY_UIApplicationSceneManifest_Generation = YES;
				INFOPLIST_KEY_UIApplicationSupportsIndirectInputEvents = YES;
				INFOPLIST_KEY_UILaunchScreen_Generation = YES;
				INFOPLIST_KEY_UISupportedInterfaceOrientations_iPad = "UIInterfaceOrientationPortrait UIInterfaceOrientationPortraitUpsideDown UIInterfaceOrientationLandscapeLeft UIInterfaceOrientationLandscapeRight";
				INFOPLIST_KEY_UISupportedInterfaceOrientations_iPhone = "UIInterfaceOrientationPortrait UIInterfaceOrientationLandscapeLeft UIInterfaceOrientationLandscapeRight";
				IPHONEOS_DEPLOYMENT_TARGET = 17.6;
				LD_RUNPATH_SEARCH_PATHS = (
					"$(inherited)",
					"@executable_path/Frameworks",
				);
				MARKETING_VERSION = 1.0;
				PRODUCT_BUNDLE_IDENTIFIER = uk.co.catchpoledigital.Clement;
				PRODUCT_NAME = "$(TARGET_NAME)";
				SWIFT_EMIT_LOC_STRINGS = YES;
				SWIFT_VERSION = 5.0;
				TARGETED_DEVICE_FAMILY = "1,2";
			};
			name = Debug;
		};
		099FF8D32CA1B621009BAFA4 /* Release */ = {
			isa = XCBuildConfiguration;
			buildSettings = {
				ASSETCATALOG_COMPILER_APPICON_NAME = AppIcon;
				ASSETCATALOG_COMPILER_GLOBAL_ACCENT_COLOR_NAME = AccentColor;
				CODE_SIGN_STYLE = Automatic;
				CURRENT_PROJECT_VERSION = 1;
				DEVELOPMENT_ASSET_PATHS = "\"Clement/Preview Content\"";
				DEVELOPMENT_TEAM = CY3VNN37JN;
				ENABLE_PREVIEWS = YES;
				GENERATE_INFOPLIST_FILE = YES;
				INFOPLIST_KEY_UIApplicationSceneManifest_Generation = YES;
				INFOPLIST_KEY_UIApplicationSupportsIndirectInputEvents = YES;
				INFOPLIST_KEY_UILaunchScreen_Generation = YES;
				INFOPLIST_KEY_UISupportedInterfaceOrientations_iPad = "UIInterfaceOrientationPortrait UIInterfaceOrientationPortraitUpsideDown UIInterfaceOrientationLandscapeLeft UIInterfaceOrientationLandscapeRight";
				INFOPLIST_KEY_UISupportedInterfaceOrientations_iPhone = "UIInterfaceOrientationPortrait UIInterfaceOrientationLandscapeLeft UIInterfaceOrientationLandscapeRight";
				IPHONEOS_DEPLOYMENT_TARGET = 17.6;
				LD_RUNPATH_SEARCH_PATHS = (
					"$(inherited)",
					"@executable_path/Frameworks",
				);
				MARKETING_VERSION = 1.0;
				PRODUCT_BUNDLE_IDENTIFIER = uk.co.catchpoledigital.Clement;
				PRODUCT_NAME = "$(TARGET_NAME)";
				SWIFT_EMIT_LOC_STRINGS = YES;
				SWIFT_VERSION = 5.0;
				TARGETED_DEVICE_FAMILY = "1,2";
			};
			name = Release;
		};
		099FF8D52CA1B621009BAFA4 /* Debug */ = {
			isa = XCBuildConfiguration;
			buildSettings = {
				BUNDLE_LOADER = "$(TEST_HOST)";
				CODE_SIGN_STYLE = Automatic;
				CURRENT_PROJECT_VERSION = 1;
				DEVELOPMENT_TEAM = CY3VNN37JN;
				GENERATE_INFOPLIST_FILE = YES;
				IPHONEOS_DEPLOYMENT_TARGET = 18.0;
				MARKETING_VERSION = 1.0;
				PRODUCT_BUNDLE_IDENTIFIER = uk.co.catchpoledigital.ClementTests;
				PRODUCT_NAME = "$(TARGET_NAME)";
				SWIFT_EMIT_LOC_STRINGS = NO;
				SWIFT_VERSION = 5.0;
				TARGETED_DEVICE_FAMILY = "1,2";
				TEST_HOST = "$(BUILT_PRODUCTS_DIR)/Clement.app/$(BUNDLE_EXECUTABLE_FOLDER_PATH)/Clement";
			};
			name = Debug;
		};
		099FF8D62CA1B621009BAFA4 /* Release */ = {
			isa = XCBuildConfiguration;
			buildSettings = {
				BUNDLE_LOADER = "$(TEST_HOST)";
				CODE_SIGN_STYLE = Automatic;
				CURRENT_PROJECT_VERSION = 1;
				DEVELOPMENT_TEAM = CY3VNN37JN;
				GENERATE_INFOPLIST_FILE = YES;
				IPHONEOS_DEPLOYMENT_TARGET = 18.0;
				MARKETING_VERSION = 1.0;
				PRODUCT_BUNDLE_IDENTIFIER = uk.co.catchpoledigital.ClementTests;
				PRODUCT_NAME = "$(TARGET_NAME)";
				SWIFT_EMIT_LOC_STRINGS = NO;
				SWIFT_VERSION = 5.0;
				TARGETED_DEVICE_FAMILY = "1,2";
				TEST_HOST = "$(BUILT_PRODUCTS_DIR)/Clement.app/$(BUNDLE_EXECUTABLE_FOLDER_PATH)/Clement";
			};
			name = Release;
		};
		099FF8D82CA1B621009BAFA4 /* Debug */ = {
			isa = XCBuildConfiguration;
			buildSettings = {
				CODE_SIGN_STYLE = Automatic;
				CURRENT_PROJECT_VERSION = 1;
				DEVELOPMENT_TEAM = CY3VNN37JN;
				GENERATE_INFOPLIST_FILE = YES;
				MARKETING_VERSION = 1.0;
				PRODUCT_BUNDLE_IDENTIFIER = uk.co.catchpoledigital.ClementUITests;
				PRODUCT_NAME = "$(TARGET_NAME)";
				SWIFT_EMIT_LOC_STRINGS = NO;
				SWIFT_VERSION = 5.0;
				TARGETED_DEVICE_FAMILY = "1,2";
				TEST_TARGET_NAME = Clement;
			};
			name = Debug;
		};
		099FF8D92CA1B621009BAFA4 /* Release */ = {
			isa = XCBuildConfiguration;
			buildSettings = {
				CODE_SIGN_STYLE = Automatic;
				CURRENT_PROJECT_VERSION = 1;
				DEVELOPMENT_TEAM = CY3VNN37JN;
				GENERATE_INFOPLIST_FILE = YES;
				MARKETING_VERSION = 1.0;
				PRODUCT_BUNDLE_IDENTIFIER = uk.co.catchpoledigital.ClementUITests;
				PRODUCT_NAME = "$(TARGET_NAME)";
				SWIFT_EMIT_LOC_STRINGS = NO;
				SWIFT_VERSION = 5.0;
				TARGETED_DEVICE_FAMILY = "1,2";
				TEST_TARGET_NAME = Clement;
			};
			name = Release;
		};
/* End XCBuildConfiguration section */

/* Begin XCConfigurationList section */
		0948C37D2CA1F6BA00BB0921 /* Build configuration list for PBXNativeTarget "SafariExtension" */ = {
			isa = XCConfigurationList;
			buildConfigurations = (
				0948C37E2CA1F6BA00BB0921 /* Debug */,
				0948C37F2CA1F6BA00BB0921 /* Release */,
			);
			defaultConfigurationIsVisible = 0;
			defaultConfigurationName = Release;
		};
		099FF8A62CA1B61F009BAFA4 /* Build configuration list for PBXProject "Clement" */ = {
			isa = XCConfigurationList;
			buildConfigurations = (
				099FF8CF2CA1B621009BAFA4 /* Debug */,
				099FF8D02CA1B621009BAFA4 /* Release */,
			);
			defaultConfigurationIsVisible = 0;
			defaultConfigurationName = Release;
		};
		099FF8D12CA1B621009BAFA4 /* Build configuration list for PBXNativeTarget "Clement" */ = {
			isa = XCConfigurationList;
			buildConfigurations = (
				099FF8D22CA1B621009BAFA4 /* Debug */,
				099FF8D32CA1B621009BAFA4 /* Release */,
			);
			defaultConfigurationIsVisible = 0;
			defaultConfigurationName = Release;
		};
		099FF8D42CA1B621009BAFA4 /* Build configuration list for PBXNativeTarget "ClementTests" */ = {
			isa = XCConfigurationList;
			buildConfigurations = (
				099FF8D52CA1B621009BAFA4 /* Debug */,
				099FF8D62CA1B621009BAFA4 /* Release */,
			);
			defaultConfigurationIsVisible = 0;
			defaultConfigurationName = Release;
		};
		099FF8D72CA1B621009BAFA4 /* Build configuration list for PBXNativeTarget "ClementUITests" */ = {
			isa = XCConfigurationList;
			buildConfigurations = (
				099FF8D82CA1B621009BAFA4 /* Debug */,
				099FF8D92CA1B621009BAFA4 /* Release */,
			);
			defaultConfigurationIsVisible = 0;
			defaultConfigurationName = Release;
		};
/* End XCConfigurationList section */

/* Begin XCRemoteSwiftPackageReference section */
		0948C3982CA21EAC00BB0921 /* XCRemoteSwiftPackageReference "Factory" */ = {
			isa = XCRemoteSwiftPackageReference;
			repositoryURL = "https://github.com/hmlongco/Factory.git";
			requirement = {
				kind = upToNextMajorVersion;
				minimumVersion = 2.3.2;
			};
		};
		0948C3A72CA3164500BB0921 /* XCRemoteSwiftPackageReference "swift-dependencies" */ = {
			isa = XCRemoteSwiftPackageReference;
			repositoryURL = "https://github.com/pointfreeco/swift-dependencies";
			requirement = {
				kind = upToNextMajorVersion;
				minimumVersion = 1.4.1;
			};
		};
		0948C3BD2CA354B300BB0921 /* XCRemoteSwiftPackageReference "firebase-ios-sdk" */ = {
			isa = XCRemoteSwiftPackageReference;
			repositoryURL = "https://github.com/firebase/firebase-ios-sdk";
			requirement = {
				kind = upToNextMajorVersion;
				minimumVersion = 11.2.0;
			};
		};
/* End XCRemoteSwiftPackageReference section */

/* Begin XCSwiftPackageProductDependency section */
		0948C3992CA21EAC00BB0921 /* Factory */ = {
			isa = XCSwiftPackageProductDependency;
			package = 0948C3982CA21EAC00BB0921 /* XCRemoteSwiftPackageReference "Factory" */;
			productName = Factory;
		};
		0948C3A82CA3164500BB0921 /* Dependencies */ = {
			isa = XCSwiftPackageProductDependency;
			package = 0948C3A72CA3164500BB0921 /* XCRemoteSwiftPackageReference "swift-dependencies" */;
			productName = Dependencies;
		};
		0948C3AA2CA3164500BB0921 /* DependenciesMacros */ = {
			isa = XCSwiftPackageProductDependency;
			package = 0948C3A72CA3164500BB0921 /* XCRemoteSwiftPackageReference "swift-dependencies" */;
			productName = DependenciesMacros;
		};
		0948C3BE2CA354B300BB0921 /* FirebaseAnalyticsWithoutAdIdSupport */ = {
			isa = XCSwiftPackageProductDependency;
			package = 0948C3BD2CA354B300BB0921 /* XCRemoteSwiftPackageReference "firebase-ios-sdk" */;
			productName = FirebaseAnalyticsWithoutAdIdSupport;
		};
		0948C3C02CA354B300BB0921 /* FirebaseAppCheck */ = {
			isa = XCSwiftPackageProductDependency;
			package = 0948C3BD2CA354B300BB0921 /* XCRemoteSwiftPackageReference "firebase-ios-sdk" */;
			productName = FirebaseAppCheck;
		};
/* End XCSwiftPackageProductDependency section */
	};
	rootObject = 099FF8A32CA1B61F009BAFA4 /* Project object */;
}
